{
  "name": "lesson30",
  "version": "0.0.0",
  "lockfileVersion": 1,
  "requires": true,
  "dependencies": {
    "@esbuild/linux-loong64": {
      "version": "0.14.54",
      "resolved": "https://registry.npmjs.org/@esbuild/linux-loong64/-/linux-loong64-0.14.54.tgz",
      "integrity": "sha512-bZBrLAIX1kpWelV0XemxBZllyRmM6vgFQQG2GdNb+r3Fkp0FOh1NJSvekXDs7jq70k4euu1cryLMfU+mTXlEpw==",
      "dev": true,
      "optional": true
    },
    "@playwright/test": {
      "version": "1.32.3",
      "resolved": "https://registry.npmjs.org/@playwright/test/-/test-1.32.3.tgz",
      "integrity": "sha512-BvWNvK0RfBriindxhLVabi8BRe3X0J9EVjKlcmhxjg4giWBD/xleLcg2dz7Tx0agu28rczjNIPQWznwzDwVsZQ==",
      "dev": true,
      "requires": {
        "@types/node": "*",
        "fsevents": "2.3.2",
        "playwright-core": "1.32.3"
      },
      "dependencies": {
        "playwright-core": {
          "version": "1.32.3",
          "resolved": "https://registry.npmjs.org/playwright-core/-/playwright-core-1.32.3.tgz",
          "integrity": "sha512-SB+cdrnu74ZIn5Ogh/8278ngEh9NEEV0vR4sJFmK04h2iZpybfbqBY0bX6+BLYWVdV12JLLI+JEFtSnYgR+mWg==",
          "dev": true
        }
      }
    },
    "@types/node": {
      "version": "18.15.11",
      "resolved": "https://registry.npmjs.org/@types/node/-/node-18.15.11.tgz",
      "integrity": "sha512-E5Kwq2n4SbMzQOn6wnmBjuK9ouqlURrcZDVfbo9ftDDTFt3nk7ZKK4GMOzoYgnpQJKcxwQw+lGaBvvlMo0qN/Q==",
      "dev": true
    },
    "chance": {
      "version": "1.1.11",
      "resolved": "https://registry.npmjs.org/chance/-/chance-1.1.11.tgz",
      "integrity": "sha512-kqTg3WWywappJPqtgrdvbA380VoXO2eu9VCV895JgbyHsaErXdyHK9LOZ911OvAk6L0obK7kDk9CGs8+oBawVA=="
    },
    "date-fns": {
      "version": "2.29.3",
      "resolved": "https://registry.npmjs.org/date-fns/-/date-fns-2.29.3.tgz",
      "integrity": "sha512-dDCnyH2WnnKusqvZZ6+jA1O51Ibt8ZMRNkDZdyAyK4YfbDwa/cEmuztzG5pk6hqlp9aSBPYcjOlktquahGwGeA=="
    },
    "esbuild": {
      "version": "0.14.54",
      "resolved": "https://registry.npmjs.org/esbuild/-/esbuild-0.14.54.tgz",
      "integrity": "sha512-Cy9llcy8DvET5uznocPyqL3BFRrFXSVqbgpMJ9Wz8oVjZlh/zUSNbPRbov0VX7VxN2JH1Oa0uNxZ7eLRb62pJA==",
      "dev": true,
      "requires": {
        "@esbuild/linux-loong64": "0.14.54",
        "esbuild-android-64": "0.14.54",
        "esbuild-android-arm64": "0.14.54",
        "esbuild-darwin-64": "0.14.54",
        "esbuild-darwin-arm64": "0.14.54",
        "esbuild-freebsd-64": "0.14.54",
        "esbuild-freebsd-arm64": "0.14.54",
        "esbuild-linux-32": "0.14.54",
        "esbuild-linux-64": "0.14.54",
        "esbuild-linux-arm": "0.14.54",
        "esbuild-linux-arm64": "0.14.54",
        "esbuild-linux-mips64le": "0.14.54",
        "esbuild-linux-ppc64le": "0.14.54",
        "esbuild-linux-riscv64": "0.14.54",
        "esbuild-linux-s390x": "0.14.54",
        "esbuild-netbsd-64": "0.14.54",
        "esbuild-openbsd-64": "0.14.54",
        "esbuild-sunos-64": "0.14.54",
        "esbuild-windows-32": "0.14.54",
        "esbuild-windows-64": "0.14.54",
        "esbuild-windows-arm64": "0.14.54"
      }
    },
    "esbuild-android-64": {
      "version": "0.14.54",
      "resolved": "https://registry.npmjs.org/esbuild-android-64/-/esbuild-android-64-0.14.54.tgz",
      "integrity": "sha512-Tz2++Aqqz0rJ7kYBfz+iqyE3QMycD4vk7LBRyWaAVFgFtQ/O8EJOnVmTOiDWYZ/uYzB4kvP+bqejYdVKzE5lAQ==",
      "dev": true,
      "optional": true
    },
    "esbuild-android-arm64": {
      "version": "0.14.54",
      "resolved": "https://registry.npmjs.org/esbuild-android-arm64/-/esbuild-android-arm64-0.14.54.tgz",
      "integrity": "sha512-F9E+/QDi9sSkLaClO8SOV6etqPd+5DgJje1F9lOWoNncDdOBL2YF59IhsWATSt0TLZbYCf3pNlTHvVV5VfHdvg==",
      "dev": true,
      "optional": true
    },
    "esbuild-darwin-64": {
      "version": "0.14.54",
      "resolved": "https://registry.npmjs.org/esbuild-darwin-64/-/esbuild-darwin-64-0.14.54.tgz",
      "integrity": "sha512-jtdKWV3nBviOd5v4hOpkVmpxsBy90CGzebpbO9beiqUYVMBtSc0AL9zGftFuBon7PNDcdvNCEuQqw2x0wP9yug==",
      "dev": true,
      "optional": true
    },
    "esbuild-darwin-arm64": {
      "version": "0.14.54",
      "resolved": "https://registry.npmjs.org/esbuild-darwin-arm64/-/esbuild-darwin-arm64-0.14.54.tgz",
      "integrity": "sha512-OPafJHD2oUPyvJMrsCvDGkRrVCar5aVyHfWGQzY1dWnzErjrDuSETxwA2HSsyg2jORLY8yBfzc1MIpUkXlctmw==",
      "dev": true,
      "optional": true
    },
    "esbuild-freebsd-64": {
      "version": "0.14.54",
      "resolved": "https://registry.npmjs.org/esbuild-freebsd-64/-/esbuild-freebsd-64-0.14.54.tgz",
      "integrity": "sha512-OKwd4gmwHqOTp4mOGZKe/XUlbDJ4Q9TjX0hMPIDBUWWu/kwhBAudJdBoxnjNf9ocIB6GN6CPowYpR/hRCbSYAg==",
      "dev": true,
      "optional": true
    },
    "esbuild-freebsd-arm64": {
      "version": "0.14.54",
      "resolved": "https://registry.npmjs.org/esbuild-freebsd-arm64/-/esbuild-freebsd-arm64-0.14.54.tgz",
      "integrity": "sha512-sFwueGr7OvIFiQT6WeG0jRLjkjdqWWSrfbVwZp8iMP+8UHEHRBvlaxL6IuKNDwAozNUmbb8nIMXa7oAOARGs1Q==",
      "dev": true,
      "optional": true
    },
    "esbuild-linux-32": {
      "version": "0.14.54",
      "resolved": "https://registry.npmjs.org/esbuild-linux-32/-/esbuild-linux-32-0.14.54.tgz",
      "integrity": "sha512-1ZuY+JDI//WmklKlBgJnglpUL1owm2OX+8E1syCD6UAxcMM/XoWd76OHSjl/0MR0LisSAXDqgjT3uJqT67O3qw==",
      "dev": true,
      "optional": true
    },
    "esbuild-linux-64": {
      "version": "0.14.54",
      "resolved": "https://registry.npmjs.org/esbuild-linux-64/-/esbuild-linux-64-0.14.54.tgz",
      "integrity": "sha512-EgjAgH5HwTbtNsTqQOXWApBaPVdDn7XcK+/PtJwZLT1UmpLoznPd8c5CxqsH2dQK3j05YsB3L17T8vE7cp4cCg==",
      "dev": true,
      "optional": true
    },
    "esbuild-linux-arm": {
      "version": "0.14.54",
      "resolved": "https://registry.npmjs.org/esbuild-linux-arm/-/esbuild-linux-arm-0.14.54.tgz",
      "integrity": "sha512-qqz/SjemQhVMTnvcLGoLOdFpCYbz4v4fUo+TfsWG+1aOu70/80RV6bgNpR2JCrppV2moUQkww+6bWxXRL9YMGw==",
      "dev": true,
      "optional": true
    },
    "esbuild-linux-arm64": {
      "version": "0.14.54",
      "resolved": "https://registry.npmjs.org/esbuild-linux-arm64/-/esbuild-linux-arm64-0.14.54.tgz",
      "integrity": "sha512-WL71L+0Rwv+Gv/HTmxTEmpv0UgmxYa5ftZILVi2QmZBgX3q7+tDeOQNqGtdXSdsL8TQi1vIaVFHUPDe0O0kdig==",
      "dev": true,
      "optional": true
    },
    "esbuild-linux-mips64le": {
      "version": "0.14.54",
      "resolved": "https://registry.npmjs.org/esbuild-linux-mips64le/-/esbuild-linux-mips64le-0.14.54.tgz",
      "integrity": "sha512-qTHGQB8D1etd0u1+sB6p0ikLKRVuCWhYQhAHRPkO+OF3I/iSlTKNNS0Lh2Oc0g0UFGguaFZZiPJdJey3AGpAlw==",
      "dev": true,
      "optional": true
    },
    "esbuild-linux-ppc64le": {
      "version": "0.14.54",
      "resolved": "https://registry.npmjs.org/esbuild-linux-ppc64le/-/esbuild-linux-ppc64le-0.14.54.tgz",
      "integrity": "sha512-j3OMlzHiqwZBDPRCDFKcx595XVfOfOnv68Ax3U4UKZ3MTYQB5Yz3X1mn5GnodEVYzhtZgxEBidLWeIs8FDSfrQ==",
      "dev": true,
      "optional": true
    },
    "esbuild-linux-riscv64": {
      "version": "0.14.54",
      "resolved": "https://registry.npmjs.org/esbuild-linux-riscv64/-/esbuild-linux-riscv64-0.14.54.tgz",
      "integrity": "sha512-y7Vt7Wl9dkOGZjxQZnDAqqn+XOqFD7IMWiewY5SPlNlzMX39ocPQlOaoxvT4FllA5viyV26/QzHtvTjVNOxHZg==",
      "dev": true,
      "optional": true
    },
    "esbuild-linux-s390x": {
      "version": "0.14.54",
      "resolved": "https://registry.npmjs.org/esbuild-linux-s390x/-/esbuild-linux-s390x-0.14.54.tgz",
      "integrity": "sha512-zaHpW9dziAsi7lRcyV4r8dhfG1qBidQWUXweUjnw+lliChJqQr+6XD71K41oEIC3Mx1KStovEmlzm+MkGZHnHA==",
      "dev": true,
      "optional": true
    },
    "esbuild-netbsd-64": {
      "version": "0.14.54",
      "resolved": "https://registry.npmjs.org/esbuild-netbsd-64/-/esbuild-netbsd-64-0.14.54.tgz",
      "integrity": "sha512-PR01lmIMnfJTgeU9VJTDY9ZerDWVFIUzAtJuDHwwceppW7cQWjBBqP48NdeRtoP04/AtO9a7w3viI+PIDr6d+w==",
      "dev": true,
      "optional": true
    },
    "esbuild-openbsd-64": {
      "version": "0.14.54",
      "resolved": "https://registry.npmjs.org/esbuild-openbsd-64/-/esbuild-openbsd-64-0.14.54.tgz",
      "integrity": "sha512-Qyk7ikT2o7Wu76UsvvDS5q0amJvmRzDyVlL0qf5VLsLchjCa1+IAvd8kTBgUxD7VBUUVgItLkk609ZHUc1oCaw==",
      "dev": true,
      "optional": true
    },
    "esbuild-sunos-64": {
      "version": "0.14.54",
      "resolved": "https://registry.npmjs.org/esbuild-sunos-64/-/esbuild-sunos-64-0.14.54.tgz",
      "integrity": "sha512-28GZ24KmMSeKi5ueWzMcco6EBHStL3B6ubM7M51RmPwXQGLe0teBGJocmWhgwccA1GeFXqxzILIxXpHbl9Q/Kw==",
      "dev": true,
      "optional": true
    },
    "esbuild-windows-32": {
      "version": "0.14.54",
      "resolved": "https://registry.npmjs.org/esbuild-windows-32/-/esbuild-windows-32-0.14.54.tgz",
      "integrity": "sha512-T+rdZW19ql9MjS7pixmZYVObd9G7kcaZo+sETqNH4RCkuuYSuv9AGHUVnPoP9hhuE1WM1ZimHz1CIBHBboLU7w==",
      "dev": true,
      "optional": true
    },
    "esbuild-windows-64": {
      "version": "0.14.54",
      "resolved": "https://registry.npmjs.org/esbuild-windows-64/-/esbuild-windows-64-0.14.54.tgz",
      "integrity": "sha512-AoHTRBUuYwXtZhjXZbA1pGfTo8cJo3vZIcWGLiUcTNgHpJJMC1rVA44ZereBHMJtotyN71S8Qw0npiCIkW96cQ==",
      "dev": true,
      "optional": true
    },
    "esbuild-windows-arm64": {
      "version": "0.14.54",
      "resolved": "https://registry.npmjs.org/esbuild-windows-arm64/-/esbuild-windows-arm64-0.14.54.tgz",
      "integrity": "sha512-M0kuUvXhot1zOISQGXwWn6YtS+Y/1RT9WrVIOywZnJHo3jCDyewAc79aKNQWFCQm+xNHVTq9h8dZKvygoXQQRg==",
      "dev": true,
      "optional": true
    },
    "fsevents": {
      "version": "2.3.2",
      "resolved": "https://registry.npmjs.org/fsevents/-/fsevents-2.3.2.tgz",
      "integrity": "sha512-xiqMQR4xAeHTuB9uWm+fFRcIOgKBMiOBP+eXiyT7jsgVCq1bkVygt00oASowB7EdtpOHaaPgKt812P9ab+DDKA==",
      "dev": true,
      "optional": true
    },
    "function-bind": {
      "version": "1.1.1",
      "resolved": "https://registry.npmjs.org/function-bind/-/function-bind-1.1.1.tgz",
      "integrity": "sha512-yIovAzMX49sF8Yl58fSCWJ5svSLuaibPxXQJFLmBObTuCr0Mf1KiPopGM9NiFjiYBCbfaa2Fh6breQ6ANVTI0A==",
      "dev": true
    },
    "has": {
      "version": "1.0.3",
      "resolved": "https://registry.npmjs.org/has/-/has-1.0.3.tgz",
      "integrity": "sha512-f2dvO0VU6Oej7RkWJGrehjbzMAjFp5/VKPp5tTpWIV4JHHZK1/BxbFRtf/siA2SWTe09caDmVtYYzWEIbBS4zw==",
      "dev": true,
      "requires": {
        "function-bind": "^1.1.1"
      }
    },
    "is-core-module": {
      "version": "2.12.0",
      "resolved": "https://registry.npmjs.org/is-core-module/-/is-core-module-2.12.0.tgz",
      "integrity": "sha512-RECHCBCd/viahWmwj6enj19sKbHfJrddi/6cBDsNTKbNq0f7VeaUkBo60BqzvPqo/W54ChS62Z5qyun7cfOMqQ==",
      "dev": true,
      "requires": {
        "has": "^1.0.3"
      }
    },
    "nanoid": {
      "version": "3.3.6",
      "resolved": "https://registry.npmjs.org/nanoid/-/nanoid-3.3.6.tgz",
      "integrity": "sha512-BGcqMMJuToF7i1rt+2PWSNVnWIkGCU78jBG3RxO/bZlnZPK2Cmi2QaffxGO/2RvWi9sL+FAiRiXMgsyxQ1DIDA==",
      "dev": true
    },
    "path-parse": {
      "version": "1.0.7",
      "resolved": "https://registry.npmjs.org/path-parse/-/path-parse-1.0.7.tgz",
      "integrity": "sha512-LDJzPVEEEPR+y48z93A0Ed0yXb8pAByGWo/k5YYdYgpY2/2EsOsksJrq7lOHxryrVOn1ejG6oAp8ahvOIQD8sw==",
      "dev": true
    },
    "picocolors": {
      "version": "1.0.0",
      "resolved": "https://registry.npmjs.org/picocolors/-/picocolors-1.0.0.tgz",
      "integrity": "sha512-1fygroTLlHu66zi26VoTDv8yRgm0Fccecssto+MhsZ0D/DGW2sm8E8AjW7NU5VVTRt5GxbeZ5qBuJr+HyLYkjQ==",
      "dev": true
    },
    "postcss": {
      "version": "8.4.21",
      "resolved": "https://registry.npmjs.org/postcss/-/postcss-8.4.21.tgz",
      "integrity": "sha512-tP7u/Sn/dVxK2NnruI4H9BG+x+Wxz6oeZ1cJ8P6G/PZY0IKk4k/63TDsQf2kQq3+qoJeLm2kIBUNlZe3zgb4Zg==",
      "dev": true,
      "requires": {
        "nanoid": "^3.3.4",
        "picocolors": "^1.0.0",
        "source-map-js": "^1.0.2"
      }
    },
    "resolve": {
      "version": "1.22.3",
      "resolved": "https://registry.npmjs.org/resolve/-/resolve-1.22.3.tgz",
      "integrity": "sha512-P8ur/gp/AmbEzjr729bZnLjXK5Z+4P0zhIJgBgzqRih7hL7BOukHGtSTA3ACMY467GRFz3duQsi0bDZdR7DKdw==",
      "dev": true,
      "requires": {
        "is-core-module": "^2.12.0",
        "path-parse": "^1.0.7",
        "supports-preserve-symlinks-flag": "^1.0.0"
      }
    },
    "rollup": {
      "version": "2.77.3",
      "resolved": "https://registry.npmjs.org/rollup/-/rollup-2.77.3.tgz",
      "integrity": "sha512-/qxNTG7FbmefJWoeeYJFbHehJ2HNWnjkAFRKzWN/45eNBBF/r8lo992CwcJXEzyVxs5FmfId+vTSTQDb+bxA+g==",
      "dev": true,
      "requires": {
        "fsevents": "~2.3.2"
      }
    },
    "source-map-js": {
      "version": "1.0.2",
      "resolved": "https://registry.npmjs.org/source-map-js/-/source-map-js-1.0.2.tgz",
      "integrity": "sha512-R0XvVJ9WusLiqTCEiGCmICCMplcCkIwwR11mOSD9CR5u+IXYdiseeEuXCVAjS54zqwkLcPNnmU4OeJ6tUrWhDw==",
      "dev": true
    },
    "supports-preserve-symlinks-flag": {
      "version": "1.0.0",
      "resolved": "https://registry.npmjs.org/supports-preserve-symlinks-flag/-/supports-preserve-symlinks-flag-1.0.0.tgz",
      "integrity": "sha512-ot0WnXS9fgdkgIcePe6RHNk1WA8+muPa6cSjeR3V8K27q9BB1rTE3R1p7Hv0z1ZyAc8s6Vvv8DIyWf681MAt0w==",
      "dev": true
    },
    "vite": {
      "version": "2.9.15",
      "resolved": "https://registry.npmjs.org/vite/-/vite-2.9.15.tgz",
      "integrity": "sha512-fzMt2jK4vQ3yK56te3Kqpkaeq9DkcZfBbzHwYpobasvgYmP2SoAr6Aic05CsB4CzCZbsDv4sujX3pkEGhLabVQ==",
      "dev": true,
      "requires": {
        "esbuild": "^0.14.27",
        "fsevents": "~2.3.2",
        "postcss": "^8.4.13",
        "resolve": "^1.22.0",
        "rollup": ">=2.59.0 <2.78.0"
      }
    }
  }
}
