# THIS IS AN AUTOGENERATED FILE. DO NOT EDIT THIS FILE DIRECTLY.
# yarn lockfile v1


normalizr@^3.6.0:
  version "3.6.0"
  resolved "https://registry.yarnpkg.com/normalizr/-/normalizr-3.6.0.tgz#b8bbc4546ffe43c1c2200503041642915fcd3e1c"
  integrity sha512-25cd8DiDu+pL46KIaxtVVvvEPjGacJgv0yUg950evr62dQ/ks2JO1kf7+Vi5/rMFjaSTSTls7aCnmRlUSljtiA==
